
Microsoft Visual Studio Solution File, Format Version 12.00
# Visual Studio 15
VisualStudioVersion = 15.0.28307.705
MinimumVisualStudioVersion = 10.0.40219.1
Project("{9A19103F-16F7-4668-BE54-9A1E7A4F7556}") = "CoverletSonarQubeDocker", "CoverletSonarQubeDocker\CoverletSonarQubeDocker.csproj", "{9B4E2BCB-18A7-45B5-B66D-522B27756EA8}"
EndProject
Project("{FAE04EC0-301F-11D3-BF4B-00C04F79EFBC}") = "Calculations", "Calculations\Calculations.csproj", "{ED548135-F505-4A5D-9AA3-F3159AD85037}"
EndProject
Project("{2150E333-8FDC-42A3-9474-1A3956D46DE8}") = "tests", "tests", "{628B1AFB-C0BF-4ECC-A3EE-E14DD3BE4607}"
EndProject
Project("{FAE04EC0-301F-11D3-BF4B-00C04F79EFBC}") = "CalculationTests", "tests\CalculationTests\CalculationTests.csproj", "{C2DFDD99-8297-4BDA-8FDB-7F0FBA657F28}"
EndProject
Project("{FAE04EC0-301F-11D3-BF4B-00C04F79EFBC}") = "CalculationTestsPII", "tests\CalculationTestsPII\CalculationTestsPII.csproj", "{6E4AC2A7-109A-4ED5-98F7-57B40E202CC4}"
EndProject
Global
	GlobalSection(SolutionConfigurationPlatforms) = preSolution
		Debug|Any CPU = Debug|Any CPU
		Release|Any CPU = Release|Any CPU
	EndGlobalSection
	GlobalSection(ProjectConfigurationPlatforms) = postSolution
		{9B4E2BCB-18A7-45B5-B66D-522B27756EA8}.Debug|Any CPU.ActiveCfg = Debug|Any CPU
		{9B4E2BCB-18A7-45B5-B66D-522B27756EA8}.Debug|Any CPU.Build.0 = Debug|Any CPU
		{9B4E2BCB-18A7-45B5-B66D-522B27756EA8}.Release|Any CPU.ActiveCfg = Release|Any CPU
		{9B4E2BCB-18A7-45B5-B66D-522B27756EA8}.Release|Any CPU.Build.0 = Release|Any CPU
		{ED548135-F505-4A5D-9AA3-F3159AD85037}.Debug|Any CPU.ActiveCfg = Debug|Any CPU
		{ED548135-F505-4A5D-9AA3-F3159AD85037}.Debug|Any CPU.Build.0 = Debug|Any CPU
		{ED548135-F505-4A5D-9AA3-F3159AD85037}.Release|Any CPU.ActiveCfg = Release|Any CPU
		{ED548135-F505-4A5D-9AA3-F3159AD85037}.Release|Any CPU.Build.0 = Release|Any CPU
		{C2DFDD99-8297-4BDA-8FDB-7F0FBA657F28}.Debug|Any CPU.ActiveCfg = Debug|Any CPU
		{C2DFDD99-8297-4BDA-8FDB-7F0FBA657F28}.Debug|Any CPU.Build.0 = Debug|Any CPU
		{C2DFDD99-8297-4BDA-8FDB-7F0FBA657F28}.Release|Any CPU.ActiveCfg = Release|Any CPU
		{C2DFDD99-8297-4BDA-8FDB-7F0FBA657F28}.Release|Any CPU.Build.0 = Release|Any CPU
		{6E4AC2A7-109A-4ED5-98F7-57B40E202CC4}.Debug|Any CPU.ActiveCfg = Debug|Any CPU
		{6E4AC2A7-109A-4ED5-98F7-57B40E202CC4}.Debug|Any CPU.Build.0 = Debug|Any CPU
		{6E4AC2A7-109A-4ED5-98F7-57B40E202CC4}.Release|Any CPU.ActiveCfg = Release|Any CPU
		{6E4AC2A7-109A-4ED5-98F7-57B40E202CC4}.Release|Any CPU.Build.0 = Release|Any CPU
	EndGlobalSection
	GlobalSection(SolutionProperties) = preSolution
		HideSolutionNode = FALSE
	EndGlobalSection
	GlobalSection(NestedProjects) = preSolution
		{C2DFDD99-8297-4BDA-8FDB-7F0FBA657F28} = {628B1AFB-C0BF-4ECC-A3EE-E14DD3BE4607}
		{6E4AC2A7-109A-4ED5-98F7-57B40E202CC4} = {628B1AFB-C0BF-4ECC-A3EE-E14DD3BE4607}
	EndGlobalSection
	GlobalSection(ExtensibilityGlobals) = postSolution
		SolutionGuid = {37A1BA92-8FB9-4133-A971-C7FDFF51C6EF}
	EndGlobalSection
EndGlobal
